// !$*UTF8*$!
{
	archiveVersion = 1;
	classes = {
	};
	objectVersion = 46;
	objects = {

/* Begin PBXBuildFile section */
		867A4FA61831B19B003F9195 /* WXController.m in Sources */ = {isa = PBXBuildFile; fileRef = 867A4FA51831B19B003F9195 /* WXController.m */; };
		867A4FC31831C733003F9195 /* bg.png in Resources */ = {isa = PBXBuildFile; fileRef = 867A4FA81831C733003F9195 /* bg.png */; };
		867A4FC41831C733003F9195 /* bg@2x.png in Resources */ = {isa = PBXBuildFile; fileRef = 867A4FA91831C733003F9195 /* bg@2x.png */; };
		867A4FC51831C733003F9195 /* weather-broken.png in Resources */ = {isa = PBXBuildFile; fileRef = 867A4FAB1831C733003F9195 /* weather-broken.png */; };
		867A4FC61831C733003F9195 /* weather-broken@2x.png in Resources */ = {isa = PBXBuildFile; fileRef = 867A4FAC1831C733003F9195 /* weather-broken@2x.png */; };
		867A4FC71831C733003F9195 /* weather-clear.png in Resources */ = {isa = PBXBuildFile; fileRef = 867A4FAD1831C733003F9195 /* weather-clear.png */; };
		867A4FC81831C733003F9195 /* weather-clear@2x.png in Resources */ = {isa = PBXBuildFile; fileRef = 867A4FAE1831C733003F9195 /* weather-clear@2x.png */; };
		867A4FC91831C733003F9195 /* weather-few-night.png in Resources */ = {isa = PBXBuildFile; fileRef = 867A4FAF1831C733003F9195 /* weather-few-night.png */; };
		867A4FCA1831C733003F9195 /* weather-few-night@2x.png in Resources */ = {isa = PBXBuildFile; fileRef = 867A4FB01831C733003F9195 /* weather-few-night@2x.png */; };
		867A4FCB1831C733003F9195 /* weather-few.png in Resources */ = {isa = PBXBuildFile; fileRef = 867A4FB11831C733003F9195 /* weather-few.png */; };
		867A4FCC1831C733003F9195 /* weather-few@2x.png in Resources */ = {isa = PBXBuildFile; fileRef = 867A4FB21831C733003F9195 /* weather-few@2x.png */; };
		867A4FCD1831C733003F9195 /* weather-mist.png in Resources */ = {isa = PBXBuildFile; fileRef = 867A4FB31831C733003F9195 /* weather-mist.png */; };
		867A4FCE1831C733003F9195 /* weather-mist@2x.png in Resources */ = {isa = PBXBuildFile; fileRef = 867A4FB41831C733003F9195 /* weather-mist@2x.png */; };
		867A4FCF1831C733003F9195 /* weather-moon.png in Resources */ = {isa = PBXBuildFile; fileRef = 867A4FB51831C733003F9195 /* weather-moon.png */; };
		867A4FD01831C733003F9195 /* weather-moon@2x.png in Resources */ = {isa = PBXBuildFile; fileRef = 867A4FB61831C733003F9195 /* weather-moon@2x.png */; };
		867A4FD11831C733003F9195 /* weather-rain-night.png in Resources */ = {isa = PBXBuildFile; fileRef = 867A4FB71831C733003F9195 /* weather-rain-night.png */; };
		867A4FD21831C733003F9195 /* weather-rain-night@2x.png in Resources */ = {isa = PBXBuildFile; fileRef = 867A4FB81831C733003F9195 /* weather-rain-night@2x.png */; };
		867A4FD31831C733003F9195 /* weather-rain.png in Resources */ = {isa = PBXBuildFile; fileRef = 867A4FB91831C733003F9195 /* weather-rain.png */; };
		867A4FD41831C733003F9195 /* weather-rain@2x.png in Resources */ = {isa = PBXBuildFile; fileRef = 867A4FBA1831C733003F9195 /* weather-rain@2x.png */; };
		867A4FD51831C733003F9195 /* weather-scattered.png in Resources */ = {isa = PBXBuildFile; fileRef = 867A4FBB1831C733003F9195 /* weather-scattered.png */; };
		867A4FD61831C733003F9195 /* weather-scattered@2x.png in Resources */ = {isa = PBXBuildFile; fileRef = 867A4FBC1831C733003F9195 /* weather-scattered@2x.png */; };
		867A4FD71831C733003F9195 /* weather-shower.png in Resources */ = {isa = PBXBuildFile; fileRef = 867A4FBD1831C733003F9195 /* weather-shower.png */; };
		867A4FD81831C733003F9195 /* weather-shower@2x.png in Resources */ = {isa = PBXBuildFile; fileRef = 867A4FBE1831C733003F9195 /* weather-shower@2x.png */; };
		867A4FD91831C733003F9195 /* weather-snow.png in Resources */ = {isa = PBXBuildFile; fileRef = 867A4FBF1831C733003F9195 /* weather-snow.png */; };
		867A4FDA1831C733003F9195 /* weather-snow@2x.png in Resources */ = {isa = PBXBuildFile; fileRef = 867A4FC01831C733003F9195 /* weather-snow@2x.png */; };
		867A4FDB1831C733003F9195 /* weather-tstorm.png in Resources */ = {isa = PBXBuildFile; fileRef = 867A4FC11831C733003F9195 /* weather-tstorm.png */; };
		867A4FDC1831C733003F9195 /* weather-tstorm@2x.png in Resources */ = {isa = PBXBuildFile; fileRef = 867A4FC21831C733003F9195 /* weather-tstorm@2x.png */; };
		867A4FE21831DE8C003F9195 /* WXManager.m in Sources */ = {isa = PBXBuildFile; fileRef = 867A4FE11831DE8C003F9195 /* WXManager.m */; };
		867A4FE51831DE99003F9195 /* WXDailyForecast.m in Sources */ = {isa = PBXBuildFile; fileRef = 867A4FE41831DE99003F9195 /* WXDailyForecast.m */; };
		867A4FE81831DEA4003F9195 /* WXClient.m in Sources */ = {isa = PBXBuildFile; fileRef = 867A4FE71831DEA4003F9195 /* WXClient.m */; };
		867A4FEB1831DF0C003F9195 /* WXCondition.m in Sources */ = {isa = PBXBuildFile; fileRef = 867A4FEA1831DF0B003F9195 /* WXCondition.m */; };
		868735C41831A1E700C0CCFA /* Foundation.framework in Frameworks */ = {isa = PBXBuildFile; fileRef = 868735C31831A1E700C0CCFA /* Foundation.framework */; };
		868735C61831A1E700C0CCFA /* CoreGraphics.framework in Frameworks */ = {isa = PBXBuildFile; fileRef = 868735C51831A1E700C0CCFA /* CoreGraphics.framework */; };
		868735C81831A1E700C0CCFA /* UIKit.framework in Frameworks */ = {isa = PBXBuildFile; fileRef = 868735C71831A1E700C0CCFA /* UIKit.framework */; };
		868735CE1831A1E700C0CCFA /* InfoPlist.strings in Resources */ = {isa = PBXBuildFile; fileRef = 868735CC1831A1E700C0CCFA /* InfoPlist.strings */; };
		868735D01831A1E700C0CCFA /* main.m in Sources */ = {isa = PBXBuildFile; fileRef = 868735CF1831A1E700C0CCFA /* main.m */; };
		868735D41831A1E700C0CCFA /* AppDelegate.m in Sources */ = {isa = PBXBuildFile; fileRef = 868735D31831A1E700C0CCFA /* AppDelegate.m */; };
		868735D61831A1E700C0CCFA /* Images.xcassets in Resources */ = {isa = PBXBuildFile; fileRef = 868735D51831A1E700C0CCFA /* Images.xcassets */; };
		868735DD1831A1E700C0CCFA /* XCTest.framework in Frameworks */ = {isa = PBXBuildFile; fileRef = 868735DC1831A1E700C0CCFA /* XCTest.framework */; };
		868735DE1831A1E700C0CCFA /* Foundation.framework in Frameworks */ = {isa = PBXBuildFile; fileRef = 868735C31831A1E700C0CCFA /* Foundation.framework */; };
		868735DF1831A1E700C0CCFA /* UIKit.framework in Frameworks */ = {isa = PBXBuildFile; fileRef = 868735C71831A1E700C0CCFA /* UIKit.framework */; };
		868735E71831A1E700C0CCFA /* InfoPlist.strings in Resources */ = {isa = PBXBuildFile; fileRef = 868735E51831A1E700C0CCFA /* InfoPlist.strings */; };
		868735E91831A1E700C0CCFA /* SimpleWeatherTests.m in Sources */ = {isa = PBXBuildFile; fileRef = 868735E81831A1E700C0CCFA /* SimpleWeatherTests.m */; };
		9339C4B352D241B0BA3026EF /* libPods.a in Frameworks */ = {isa = PBXBuildFile; fileRef = E9ED9A7D37514874BEF21452 /* libPods.a */; };
/* End PBXBuildFile section */

/* Begin PBXContainerItemProxy section */
		601A572818C194B800E64C4B /* PBXContainerItemProxy */ = {
			isa = PBXContainerItemProxy;
			containerPortal = 601A571F18C194B700E64C4B /* Pods.xcodeproj */;
			proxyType = 2;
			remoteGlobalIDString = 112E80B4971A405CBDC5C6CF;
			remoteInfo = Pods;
		};
		601A572A18C194B800E64C4B /* PBXContainerItemProxy */ = {
			isa = PBXContainerItemProxy;
			containerPortal = 601A571F18C194B700E64C4B /* Pods.xcodeproj */;
			proxyType = 2;
			remoteGlobalIDString = 021DFD6F376C4624BFB11985;
			remoteInfo = "Pods-HexColors";
		};
		601A572C18C194B800E64C4B /* PBXContainerItemProxy */ = {
			isa = PBXContainerItemProxy;
			containerPortal = 601A571F18C194B700E64C4B /* Pods.xcodeproj */;
			proxyType = 2;
			remoteGlobalIDString = 040B4C0AF3584E9EBC930D39;
			remoteInfo = "Pods-LBBlurredImage";
		};
		601A572E18C194B800E64C4B /* PBXContainerItemProxy */ = {
			isa = PBXContainerItemProxy;
			containerPortal = 601A571F18C194B700E64C4B /* Pods.xcodeproj */;
			proxyType = 2;
			remoteGlobalIDString = 568D2ACF04774620A592EC41;
			remoteInfo = "Pods-Mantle";
		};
		601A573018C194B800E64C4B /* PBXContainerItemProxy */ = {
			isa = PBXContainerItemProxy;
			containerPortal = 601A571F18C194B700E64C4B /* Pods.xcodeproj */;
			proxyType = 2;
			remoteGlobalIDString = 03F30D2A8BC846799AB7D272;
			remoteInfo = "Pods-ReactiveCocoa";
		};
		601A573218C194B800E64C4B /* PBXContainerItemProxy */ = {
			isa = PBXContainerItemProxy;
			containerPortal = 601A571F18C194B700E64C4B /* Pods.xcodeproj */;
			proxyType = 2;
			remoteGlobalIDString = 548EE016B35C4A90BA7BAE66;
			remoteInfo = "Pods-TSMessages";
		};
		868735E01831A1E700C0CCFA /* PBXContainerItemProxy */ = {
			isa = PBXContainerItemProxy;
			containerPortal = 868735B81831A1E700C0CCFA /* Project object */;
			proxyType = 1;
			remoteGlobalIDString = 868735BF1831A1E700C0CCFA;
			remoteInfo = SimpleWeather;
		};
/* End PBXContainerItemProxy section */

/* Begin PBXFileReference section */
		601A571F18C194B700E64C4B /* Pods.xcodeproj */ = {isa = PBXFileReference; lastKnownFileType = "wrapper.pb-project"; name = Pods.xcodeproj; path = Pods/Pods.xcodeproj; sourceTree = SOURCE_ROOT; };
		60CC2EC0E0B64B4FA10B1AFE /* Pods.xcconfig */ = {isa = PBXFileReference; includeInIndex = 1; lastKnownFileType = text.xcconfig; name = Pods.xcconfig; path = Pods/Pods.xcconfig; sourceTree = "<group>"; };
		867A4FA41831B19B003F9195 /* WXController.h */ = {isa = PBXFileReference; fileEncoding = 4; lastKnownFileType = sourcecode.c.h; path = WXController.h; sourceTree = "<group>"; };
		867A4FA51831B19B003F9195 /* WXController.m */ = {isa = PBXFileReference; fileEncoding = 4; lastKnownFileType = sourcecode.c.objc; path = WXController.m; sourceTree = "<group>"; };
		867A4FA81831C733003F9195 /* bg.png */ = {isa = PBXFileReference; lastKnownFileType = image.png; path = bg.png; sourceTree = "<group>"; };
		867A4FA91831C733003F9195 /* bg@2x.png */ = {isa = PBXFileReference; lastKnownFileType = image.png; path = "bg@2x.png"; sourceTree = "<group>"; };
		867A4FAB1831C733003F9195 /* weather-broken.png */ = {isa = PBXFileReference; lastKnownFileType = image.png; path = "weather-broken.png"; sourceTree = "<group>"; };
		867A4FAC1831C733003F9195 /* weather-broken@2x.png */ = {isa = PBXFileReference; lastKnownFileType = image.png; path = "weather-broken@2x.png"; sourceTree = "<group>"; };
		867A4FAD1831C733003F9195 /* weather-clear.png */ = {isa = PBXFileReference; lastKnownFileType = image.png; path = "weather-clear.png"; sourceTree = "<group>"; };
		867A4FAE1831C733003F9195 /* weather-clear@2x.png */ = {isa = PBXFileReference; lastKnownFileType = image.png; path = "weather-clear@2x.png"; sourceTree = "<group>"; };
		867A4FAF1831C733003F9195 /* weather-few-night.png */ = {isa = PBXFileReference; lastKnownFileType = image.png; path = "weather-few-night.png"; sourceTree = "<group>"; };
		867A4FB01831C733003F9195 /* weather-few-night@2x.png */ = {isa = PBXFileReference; lastKnownFileType = image.png; path = "weather-few-night@2x.png"; sourceTree = "<group>"; };
		867A4FB11831C733003F9195 /* weather-few.png */ = {isa = PBXFileReference; lastKnownFileType = image.png; path = "weather-few.png"; sourceTree = "<group>"; };
		867A4FB21831C733003F9195 /* weather-few@2x.png */ = {isa = PBXFileReference; lastKnownFileType = image.png; path = "weather-few@2x.png"; sourceTree = "<group>"; };
		867A4FB31831C733003F9195 /* weather-mist.png */ = {isa = PBXFileReference; lastKnownFileType = image.png; path = "weather-mist.png"; sourceTree = "<group>"; };
		867A4FB41831C733003F9195 /* weather-mist@2x.png */ = {isa = PBXFileReference; lastKnownFileType = image.png; path = "weather-mist@2x.png"; sourceTree = "<group>"; };
		867A4FB51831C733003F9195 /* weather-moon.png */ = {isa = PBXFileReference; lastKnownFileType = image.png; path = "weather-moon.png"; sourceTree = "<group>"; };
		867A4FB61831C733003F9195 /* weather-moon@2x.png */ = {isa = PBXFileReference; lastKnownFileType = image.png; path = "weather-moon@2x.png"; sourceTree = "<group>"; };
		867A4FB71831C733003F9195 /* weather-rain-night.png */ = {isa = PBXFileReference; lastKnownFileType = image.png; path = "weather-rain-night.png"; sourceTree = "<group>"; };
		867A4FB81831C733003F9195 /* weather-rain-night@2x.png */ = {isa = PBXFileReference; lastKnownFileType = image.png; path = "weather-rain-night@2x.png"; sourceTree = "<group>"; };
		867A4FB91831C733003F9195 /* weather-rain.png */ = {isa = PBXFileReference; lastKnownFileType = image.png; path = "weather-rain.png"; sourceTree = "<group>"; };
		867A4FBA1831C733003F9195 /* weather-rain@2x.png */ = {isa = PBXFileReference; lastKnownFileType = image.png; path = "weather-rain@2x.png"; sourceTree = "<group>"; };
		867A4FBB1831C733003F9195 /* weather-scattered.png */ = {isa = PBXFileReference; lastKnownFileType = image.png; path = "weather-scattered.png"; sourceTree = "<group>"; };
		867A4FBC1831C733003F9195 /* weather-scattered@2x.png */ = {isa = PBXFileReference; lastKnownFileType = image.png; path = "weather-scattered@2x.png"; sourceTree = "<group>"; };
		867A4FBD1831C733003F9195 /* weather-shower.png */ = {isa = PBXFileReference; lastKnownFileType = image.png; path = "weather-shower.png"; sourceTree = "<group>"; };
		867A4FBE1831C733003F9195 /* weather-shower@2x.png */ = {isa = PBXFileReference; lastKnownFileType = image.png; path = "weather-shower@2x.png"; sourceTree = "<group>"; };
		867A4FBF1831C733003F9195 /* weather-snow.png */ = {isa = PBXFileReference; lastKnownFileType = image.png; path = "weather-snow.png"; sourceTree = "<group>"; };
		867A4FC01831C733003F9195 /* weather-snow@2x.png */ = {isa = PBXFileReference; lastKnownFileType = image.png; path = "weather-snow@2x.png"; sourceTree = "<group>"; };
		867A4FC11831C733003F9195 /* weather-tstorm.png */ = {isa = PBXFileReference; lastKnownFileType = image.png; path = "weather-tstorm.png"; sourceTree = "<group>"; };
		867A4FC21831C733003F9195 /* weather-tstorm@2x.png */ = {isa = PBXFileReference; lastKnownFileType = image.png; path = "weather-tstorm@2x.png"; sourceTree = "<group>"; };
		867A4FE01831DE8C003F9195 /* WXManager.h */ = {isa = PBXFileReference; fileEncoding = 4; lastKnownFileType = sourcecode.c.h; path = WXManager.h; sourceTree = "<group>"; };
		867A4FE11831DE8C003F9195 /* WXManager.m */ = {isa = PBXFileReference; fileEncoding = 4; lastKnownFileType = sourcecode.c.objc; path = WXManager.m; sourceTree = "<group>"; };
		867A4FE31831DE99003F9195 /* WXDailyForecast.h */ = {isa = PBXFileReference; fileEncoding = 4; lastKnownFileType = sourcecode.c.h; path = WXDailyForecast.h; sourceTree = "<group>"; };
		867A4FE41831DE99003F9195 /* WXDailyForecast.m */ = {isa = PBXFileReference; fileEncoding = 4; lastKnownFileType = sourcecode.c.objc; path = WXDailyForecast.m; sourceTree = "<group>"; };
		867A4FE61831DEA4003F9195 /* WXClient.h */ = {isa = PBXFileReference; fileEncoding = 4; lastKnownFileType = sourcecode.c.h; path = WXClient.h; sourceTree = "<group>"; };
		867A4FE71831DEA4003F9195 /* WXClient.m */ = {isa = PBXFileReference; fileEncoding = 4; lastKnownFileType = sourcecode.c.objc; path = WXClient.m; sourceTree = "<group>"; };
		867A4FE91831DF0B003F9195 /* WXCondition.h */ = {isa = PBXFileReference; fileEncoding = 4; lastKnownFileType = sourcecode.c.h; path = WXCondition.h; sourceTree = "<group>"; };
		867A4FEA1831DF0B003F9195 /* WXCondition.m */ = {isa = PBXFileReference; fileEncoding = 4; lastKnownFileType = sourcecode.c.objc; path = WXCondition.m; sourceTree = "<group>"; };
		868735C01831A1E700C0CCFA /* SimpleWeather.app */ = {isa = PBXFileReference; explicitFileType = wrapper.application; includeInIndex = 0; path = SimpleWeather.app; sourceTree = BUILT_PRODUCTS_DIR; };
		868735C31831A1E700C0CCFA /* Foundation.framework */ = {isa = PBXFileReference; lastKnownFileType = wrapper.framework; name = Foundation.framework; path = System/Library/Frameworks/Foundation.framework; sourceTree = SDKROOT; };
		868735C51831A1E700C0CCFA /* CoreGraphics.framework */ = {isa = PBXFileReference; lastKnownFileType = wrapper.framework; name = CoreGraphics.framework; path = System/Library/Frameworks/CoreGraphics.framework; sourceTree = SDKROOT; };
		868735C71831A1E700C0CCFA /* UIKit.framework */ = {isa = PBXFileReference; lastKnownFileType = wrapper.framework; name = UIKit.framework; path = System/Library/Frameworks/UIKit.framework; sourceTree = SDKROOT; };
		868735CB1831A1E700C0CCFA /* SimpleWeather-Info.plist */ = {isa = PBXFileReference; lastKnownFileType = text.plist.xml; path = "SimpleWeather-Info.plist"; sourceTree = "<group>"; };
		868735CD1831A1E700C0CCFA /* en */ = {isa = PBXFileReference; lastKnownFileType = text.plist.strings; name = en; path = en.lproj/InfoPlist.strings; sourceTree = "<group>"; };
		868735CF1831A1E700C0CCFA /* main.m */ = {isa = PBXFileReference; lastKnownFileType = sourcecode.c.objc; path = main.m; sourceTree = "<group>"; };
		868735D11831A1E700C0CCFA /* SimpleWeather-Prefix.pch */ = {isa = PBXFileReference; lastKnownFileType = sourcecode.c.h; path = "SimpleWeather-Prefix.pch"; sourceTree = "<group>"; };
		868735D21831A1E700C0CCFA /* AppDelegate.h */ = {isa = PBXFileReference; lastKnownFileType = sourcecode.c.h; name = AppDelegate.h; path = SimpleWeather/AppDelegate.h; sourceTree = "<group>"; };
		868735D31831A1E700C0CCFA /* AppDelegate.m */ = {isa = PBXFileReference; lastKnownFileType = sourcecode.c.objc; name = AppDelegate.m; path = SimpleWeather/AppDelegate.m; sourceTree = "<group>"; };
		868735D51831A1E700C0CCFA /* Images.xcassets */ = {isa = PBXFileReference; lastKnownFileType = folder.assetcatalog; path = Images.xcassets; sourceTree = "<group>"; };
		868735DB1831A1E700C0CCFA /* SimpleWeatherTests.xctest */ = {isa = PBXFileReference; explicitFileType = wrapper.cfbundle; includeInIndex = 0; path = SimpleWeatherTests.xctest; sourceTree = BUILT_PRODUCTS_DIR; };
		868735DC1831A1E700C0CCFA /* XCTest.framework */ = {isa = PBXFileReference; lastKnownFileType = wrapper.framework; name = XCTest.framework; path = Library/Frameworks/XCTest.framework; sourceTree = DEVELOPER_DIR; };
		868735E41831A1E700C0CCFA /* SimpleWeatherTests-Info.plist */ = {isa = PBXFileReference; lastKnownFileType = text.plist.xml; path = "SimpleWeatherTests-Info.plist"; sourceTree = "<group>"; };
		868735E61831A1E700C0CCFA /* en */ = {isa = PBXFileReference; lastKnownFileType = text.plist.strings; name = en; path = en.lproj/InfoPlist.strings; sourceTree = "<group>"; };
		868735E81831A1E700C0CCFA /* SimpleWeatherTests.m */ = {isa = PBXFileReference; lastKnownFileType = sourcecode.c.objc; path = SimpleWeatherTests.m; sourceTree = "<group>"; };
		E9ED9A7D37514874BEF21452 /* libPods.a */ = {isa = PBXFileReference; explicitFileType = archive.ar; includeInIndex = 0; path = libPods.a; sourceTree = BUILT_PRODUCTS_DIR; };
/* End PBXFileReference section */

/* Begin PBXFrameworksBuildPhase section */
		868735BD1831A1E700C0CCFA /* Frameworks */ = {
			isa = PBXFrameworksBuildPhase;
			buildActionMask = 2147483647;
			files = (
				868735C61831A1E700C0CCFA /* CoreGraphics.framework in Frameworks */,
				868735C81831A1E700C0CCFA /* UIKit.framework in Frameworks */,
				868735C41831A1E700C0CCFA /* Foundation.framework in Frameworks */,
				9339C4B352D241B0BA3026EF /* libPods.a in Frameworks */,
			);
			runOnlyForDeploymentPostprocessing = 0;
		};
		868735D81831A1E700C0CCFA /* Frameworks */ = {
			isa = PBXFrameworksBuildPhase;
			buildActionMask = 2147483647;
			files = (
				868735DD1831A1E700C0CCFA /* XCTest.framework in Frameworks */,
				868735DF1831A1E700C0CCFA /* UIKit.framework in Frameworks */,
				868735DE1831A1E700C0CCFA /* Foundation.framework in Frameworks */,
			);
			runOnlyForDeploymentPostprocessing = 0;
		};
/* End PBXFrameworksBuildPhase section */

/* Begin PBXGroup section */
		601A572018C194B700E64C4B /* Products */ = {
			isa = PBXGroup;
			children = (
				601A572918C194B800E64C4B /* libPods.a */,
				601A572B18C194B800E64C4B /* libPods-HexColors.a */,
				601A572D18C194B800E64C4B /* libPods-LBBlurredImage.a */,
				601A572F18C194B800E64C4B /* libPods-Mantle.a */,
				601A573118C194B800E64C4B /* libPods-ReactiveCocoa.a */,
				601A573318C194B800E64C4B /* libPods-TSMessages.a */,
			);
			name = Products;
			sourceTree = "<group>";
		};
		867A4FA71831C733003F9195 /* Images */ = {
			isa = PBXGroup;
			children = (
				867A4FA81831C733003F9195 /* bg.png */,
				867A4FA91831C733003F9195 /* bg@2x.png */,
				867A4FAA1831C733003F9195 /* Weather Icons */,
			);
			path = Images;
			sourceTree = "<group>";
		};
		867A4FAA1831C733003F9195 /* Weather Icons */ = {
			isa = PBXGroup;
			children = (
				867A4FAB1831C733003F9195 /* weather-broken.png */,
				867A4FAC1831C733003F9195 /* weather-broken@2x.png */,
				867A4FAD1831C733003F9195 /* weather-clear.png */,
				867A4FAE1831C733003F9195 /* weather-clear@2x.png */,
				867A4FAF1831C733003F9195 /* weather-few-night.png */,
				867A4FB01831C733003F9195 /* weather-few-night@2x.png */,
				867A4FB11831C733003F9195 /* weather-few.png */,
				867A4FB21831C733003F9195 /* weather-few@2x.png */,
				867A4FB31831C733003F9195 /* weather-mist.png */,
				867A4FB41831C733003F9195 /* weather-mist@2x.png */,
				867A4FB51831C733003F9195 /* weather-moon.png */,
				867A4FB61831C733003F9195 /* weather-moon@2x.png */,
				867A4FB71831C733003F9195 /* weather-rain-night.png */,
				867A4FB81831C733003F9195 /* weather-rain-night@2x.png */,
				867A4FB91831C733003F9195 /* weather-rain.png */,
				867A4FBA1831C733003F9195 /* weather-rain@2x.png */,
				867A4FBB1831C733003F9195 /* weather-scattered.png */,
				867A4FBC1831C733003F9195 /* weather-scattered@2x.png */,
				867A4FBD1831C733003F9195 /* weather-shower.png */,
				867A4FBE1831C733003F9195 /* weather-shower@2x.png */,
				867A4FBF1831C733003F9195 /* weather-snow.png */,
				867A4FC01831C733003F9195 /* weather-snow@2x.png */,
				867A4FC11831C733003F9195 /* weather-tstorm.png */,
				867A4FC21831C733003F9195 /* weather-tstorm@2x.png */,
			);
			path = "Weather Icons";
			sourceTree = "<group>";
		};
		868735B71831A1E700C0CCFA = {
			isa = PBXGroup;
			children = (
				867A4FE91831DF0B003F9195 /* WXCondition.h */,
				867A4FEA1831DF0B003F9195 /* WXCondition.m */,
				867A4FA41831B19B003F9195 /* WXController.h */,
				867A4FA51831B19B003F9195 /* WXController.m */,
				867A4FE01831DE8C003F9195 /* WXManager.h */,
				867A4FE11831DE8C003F9195 /* WXManager.m */,
				867A4FE31831DE99003F9195 /* WXDailyForecast.h */,
				867A4FE41831DE99003F9195 /* WXDailyForecast.m */,
				867A4FE61831DEA4003F9195 /* WXClient.h */,
				867A4FE71831DEA4003F9195 /* WXClient.m */,
				868735D21831A1E700C0CCFA /* AppDelegate.h */,
				868735D31831A1E700C0CCFA /* AppDelegate.m */,
				867A4FA71831C733003F9195 /* Images */,
				868735C91831A1E700C0CCFA /* SimpleWeather */,
				868735E21831A1E700C0CCFA /* SimpleWeatherTests */,
				868735C21831A1E700C0CCFA /* Frameworks */,
				868735C11831A1E700C0CCFA /* Products */,
				60CC2EC0E0B64B4FA10B1AFE /* Pods.xcconfig */,
			);
			sourceTree = "<group>";
		};
		868735C11831A1E700C0CCFA /* Products */ = {
			isa = PBXGroup;
			children = (
				868735C01831A1E700C0CCFA /* SimpleWeather.app */,
				868735DB1831A1E700C0CCFA /* SimpleWeatherTests.xctest */,
			);
			name = Products;
			sourceTree = "<group>";
		};
		868735C21831A1E700C0CCFA /* Frameworks */ = {
			isa = PBXGroup;
			children = (
				868735C31831A1E700C0CCFA /* Foundation.framework */,
				868735C51831A1E700C0CCFA /* CoreGraphics.framework */,
				868735C71831A1E700C0CCFA /* UIKit.framework */,
				868735DC1831A1E700C0CCFA /* XCTest.framework */,
				E9ED9A7D37514874BEF21452 /* libPods.a */,
			);
			name = Frameworks;
			sourceTree = "<group>";
		};
		868735C91831A1E700C0CCFA /* SimpleWeather */ = {
			isa = PBXGroup;
			children = (
				601A571F18C194B700E64C4B /* Pods.xcodeproj */,
				868735D51831A1E700C0CCFA /* Images.xcassets */,
				868735CA1831A1E700C0CCFA /* Supporting Files */,
			);
			path = SimpleWeather;
			sourceTree = "<group>";
		};
		868735CA1831A1E700C0CCFA /* Supporting Files */ = {
			isa = PBXGroup;
			children = (
				868735CB1831A1E700C0CCFA /* SimpleWeather-Info.plist */,
				868735CC1831A1E700C0CCFA /* InfoPlist.strings */,
				868735CF1831A1E700C0CCFA /* main.m */,
				868735D11831A1E700C0CCFA /* SimpleWeather-Prefix.pch */,
			);
			name = "Supporting Files";
			sourceTree = "<group>";
		};
		868735E21831A1E700C0CCFA /* SimpleWeatherTests */ = {
			isa = PBXGroup;
			children = (
				868735E81831A1E700C0CCFA /* SimpleWeatherTests.m */,
				868735E31831A1E700C0CCFA /* Supporting Files */,
			);
			path = SimpleWeatherTests;
			sourceTree = "<group>";
		};
		868735E31831A1E700C0CCFA /* Supporting Files */ = {
			isa = PBXGroup;
			children = (
				868735E41831A1E700C0CCFA /* SimpleWeatherTests-Info.plist */,
				868735E51831A1E700C0CCFA /* InfoPlist.strings */,
			);
			name = "Supporting Files";
			sourceTree = "<group>";
		};
/* End PBXGroup section */

/* Begin PBXNativeTarget section */
		868735BF1831A1E700C0CCFA /* SimpleWeather */ = {
			isa = PBXNativeTarget;
			buildConfigurationList = 868735EC1831A1E700C0CCFA /* Build configuration list for PBXNativeTarget "SimpleWeather" */;
			buildPhases = (
				A50096CBED0440598E1A6B42 /* Check Pods Manifest.lock */,
				868735BC1831A1E700C0CCFA /* Sources */,
				868735BD1831A1E700C0CCFA /* Frameworks */,
				868735BE1831A1E700C0CCFA /* Resources */,
				C036182324DB4B2E9F4108AF /* Copy Pods Resources */,
			);
			buildRules = (
			);
			dependencies = (
			);
			name = SimpleWeather;
			productName = SimpleWeather;
			productReference = 868735C01831A1E700C0CCFA /* SimpleWeather.app */;
			productType = "com.apple.product-type.application";
		};
		868735DA1831A1E700C0CCFA /* SimpleWeatherTests */ = {
			isa = PBXNativeTarget;
			buildConfigurationList = 868735EF1831A1E700C0CCFA /* Build configuration list for PBXNativeTarget "SimpleWeatherTests" */;
			buildPhases = (
				868735D71831A1E700C0CCFA /* Sources */,
				868735D81831A1E700C0CCFA /* Frameworks */,
				868735D91831A1E700C0CCFA /* Resources */,
			);
			buildRules = (
			);
			dependencies = (
				868735E11831A1E700C0CCFA /* PBXTargetDependency */,
			);
			name = SimpleWeatherTests;
			productName = SimpleWeatherTests;
			productReference = 868735DB1831A1E700C0CCFA /* SimpleWeatherTests.xctest */;
			productType = "com.apple.product-type.bundle.unit-test";
		};
/* End PBXNativeTarget section */

/* Begin PBXProject section */
		868735B81831A1E700C0CCFA /* Project object */ = {
			isa = PBXProject;
			attributes = {
				LastUpgradeCheck = 0500;
				ORGANIZATIONNAME = "Ryan Nystrom";
				TargetAttributes = {
					868735DA1831A1E700C0CCFA = {
						TestTargetID = 868735BF1831A1E700C0CCFA;
					};
				};
			};
			buildConfigurationList = 868735BB1831A1E700C0CCFA /* Build configuration list for PBXProject "SimpleWeather" */;
			compatibilityVersion = "Xcode 3.2";
			developmentRegion = English;
			hasScannedForEncodings = 0;
			knownRegions = (
				en,
			);
			mainGroup = 868735B71831A1E700C0CCFA;
			productRefGroup = 868735C11831A1E700C0CCFA /* Products */;
			projectDirPath = "";
			projectReferences = (
				{
					ProductGroup = 601A572018C194B700E64C4B /* Products */;
					ProjectRef = 601A571F18C194B700E64C4B /* Pods.xcodeproj */;
				},
			);
			projectRoot = "";
			targets = (
				868735BF1831A1E700C0CCFA /* SimpleWeather */,
				868735DA1831A1E700C0CCFA /* SimpleWeatherTests */,
			);
		};
/* End PBXProject section */

/* Begin PBXReferenceProxy section */
		601A572918C194B800E64C4B /* libPods.a */ = {
			isa = PBXReferenceProxy;
			fileType = archive.ar;
			path = libPods.a;
			remoteRef = 601A572818C194B800E64C4B /* PBXContainerItemProxy */;
			sourceTree = BUILT_PRODUCTS_DIR;
		};
		601A572B18C194B800E64C4B /* libPods-HexColors.a */ = {
			isa = PBXReferenceProxy;
			fileType = archive.ar;
			path = "libPods-HexColors.a";
			remoteRef = 601A572A18C194B800E64C4B /* PBXContainerItemProxy */;
			sourceTree = BUILT_PRODUCTS_DIR;
		};
		601A572D18C194B800E64C4B /* libPods-LBBlurredImage.a */ = {
			isa = PBXReferenceProxy;
			fileType = archive.ar;
			path = "libPods-LBBlurredImage.a";
			remoteRef = 601A572C18C194B800E64C4B /* PBXContainerItemProxy */;
			sourceTree = BUILT_PRODUCTS_DIR;
		};
		601A572F18C194B800E64C4B /* libPods-Mantle.a */ = {
			isa = PBXReferenceProxy;
			fileType = archive.ar;
			path = "libPods-Mantle.a";
			remoteRef = 601A572E18C194B800E64C4B /* PBXContainerItemProxy */;
			sourceTree = BUILT_PRODUCTS_DIR;
		};
		601A573118C194B800E64C4B /* libPods-ReactiveCocoa.a */ = {
			isa = PBXReferenceProxy;
			fileType = archive.ar;
			path = "libPods-ReactiveCocoa.a";
			remoteRef = 601A573018C194B800E64C4B /* PBXContainerItemProxy */;
			sourceTree = BUILT_PRODUCTS_DIR;
		};
		601A573318C194B800E64C4B /* libPods-TSMessages.a */ = {
			isa = PBXReferenceProxy;
			fileType = archive.ar;
			path = "libPods-TSMessages.a";
			remoteRef = 601A573218C194B800E64C4B /* PBXContainerItemProxy */;
			sourceTree = BUILT_PRODUCTS_DIR;
		};
/* End PBXReferenceProxy section */

/* Begin PBXResourcesBuildPhase section */
		868735BE1831A1E700C0CCFA /* Resources */ = {
			isa = PBXResourcesBuildPhase;
			buildActionMask = 2147483647;
			files = (
				867A4FDC1831C733003F9195 /* weather-tstorm@2x.png in Resources */,
				867A4FC51831C733003F9195 /* weather-broken.png in Resources */,
				867A4FC91831C733003F9195 /* weather-few-night.png in Resources */,
				867A4FC71831C733003F9195 /* weather-clear.png in Resources */,
				867A4FD61831C733003F9195 /* weather-scattered@2x.png in Resources */,
				867A4FD41831C733003F9195 /* weather-rain@2x.png in Resources */,
				867A4FCA1831C733003F9195 /* weather-few-night@2x.png in Resources */,
				867A4FCD1831C733003F9195 /* weather-mist.png in Resources */,
				867A4FD91831C733003F9195 /* weather-snow.png in Resources */,
				867A4FD31831C733003F9195 /* weather-rain.png in Resources */,
				867A4FD11831C733003F9195 /* weather-rain-night.png in Resources */,
				868735CE1831A1E700C0CCFA /* InfoPlist.strings in Resources */,
				867A4FD01831C733003F9195 /* weather-moon@2x.png in Resources */,
				867A4FCE1831C733003F9195 /* weather-mist@2x.png in Resources */,
				867A4FDB1831C733003F9195 /* weather-tstorm.png in Resources */,
				867A4FD71831C733003F9195 /* weather-shower.png in Resources */,
				867A4FCF1831C733003F9195 /* weather-moon.png in Resources */,
				867A4FD21831C733003F9195 /* weather-rain-night@2x.png in Resources */,
				867A4FDA1831C733003F9195 /* weather-snow@2x.png in Resources */,
				867A4FD81831C733003F9195 /* weather-shower@2x.png in Resources */,
				867A4FCB1831C733003F9195 /* weather-few.png in Resources */,
				867A4FCC1831C733003F9195 /* weather-few@2x.png in Resources */,
				867A4FC61831C733003F9195 /* weather-broken@2x.png in Resources */,
				868735D61831A1E700C0CCFA /* Images.xcassets in Resources */,
				867A4FD51831C733003F9195 /* weather-scattered.png in Resources */,
				867A4FC81831C733003F9195 /* weather-clear@2x.png in Resources */,
				867A4FC31831C733003F9195 /* bg.png in Resources */,
				867A4FC41831C733003F9195 /* bg@2x.png in Resources */,
			);
			runOnlyForDeploymentPostprocessing = 0;
		};
		868735D91831A1E700C0CCFA /* Resources */ = {
			isa = PBXResourcesBuildPhase;
			buildActionMask = 2147483647;
			files = (
				868735E71831A1E700C0CCFA /* InfoPlist.strings in Resources */,
			);
			runOnlyForDeploymentPostprocessing = 0;
		};
/* End PBXResourcesBuildPhase section */

/* Begin PBXShellScriptBuildPhase section */
		A50096CBED0440598E1A6B42 /* Check Pods Manifest.lock */ = {
			isa = PBXShellScriptBuildPhase;
			buildActionMask = 2147483647;
			files = (
			);
			inputPaths = (
			);
			name = "Check Pods Manifest.lock";
			outputPaths = (
			);
			runOnlyForDeploymentPostprocessing = 0;
			shellPath = /bin/sh;
			shellScript = "diff \"${PODS_ROOT}/../Podfile.lock\" \"${PODS_ROOT}/Manifest.lock\" > /dev/null\nif [[ $? != 0 ]] ; then\n    cat << EOM\nerror: The sandbox is not in sync with the Podfile.lock. Run 'pod install' or update your CocoaPods installation.\nEOM\n    exit 1\nfi\n";
			showEnvVarsInLog = 0;
		};
		C036182324DB4B2E9F4108AF /* Copy Pods Resources */ = {
			isa = PBXShellScriptBuildPhase;
			buildActionMask = 2147483647;
			files = (
			);
			inputPaths = (
			);
			name = "Copy Pods Resources";
			outputPaths = (
			);
			runOnlyForDeploymentPostprocessing = 0;
			shellPath = /bin/sh;
			shellScript = "\"${SRCROOT}/Pods/Pods-resources.sh\"\n";
			showEnvVarsInLog = 0;
		};
/* End PBXShellScriptBuildPhase section */

/* Begin PBXSourcesBuildPhase section */
		868735BC1831A1E700C0CCFA /* Sources */ = {
			isa = PBXSourcesBuildPhase;
			buildActionMask = 2147483647;
			files = (
				867A4FE81831DEA4003F9195 /* WXClient.m in Sources */,
				867A4FE21831DE8C003F9195 /* WXManager.m in Sources */,
				867A4FE51831DE99003F9195 /* WXDailyForecast.m in Sources */,
				868735D41831A1E700C0CCFA /* AppDelegate.m in Sources */,
				868735D01831A1E700C0CCFA /* main.m in Sources */,
				867A4FA61831B19B003F9195 /* WXController.m in Sources */,
				867A4FEB1831DF0C003F9195 /* WXCondition.m in Sources */,
			);
			runOnlyForDeploymentPostprocessing = 0;
		};
		868735D71831A1E700C0CCFA /* Sources */ = {
			isa = PBXSourcesBuildPhase;
			buildActionMask = 2147483647;
			files = (
				868735E91831A1E700C0CCFA /* SimpleWeatherTests.m in Sources */,
			);
			runOnlyForDeploymentPostprocessing = 0;
		};
/* End PBXSourcesBuildPhase section */

/* Begin PBXTargetDependency section */
		868735E11831A1E700C0CCFA /* PBXTargetDependency */ = {
			isa = PBXTargetDependency;
			target = 868735BF1831A1E700C0CCFA /* SimpleWeather */;
			targetProxy = 868735E01831A1E700C0CCFA /* PBXContainerItemProxy */;
		};
/* End PBXTargetDependency section */

/* Begin PBXVariantGroup section */
		868735CC1831A1E700C0CCFA /* InfoPlist.strings */ = {
			isa = PBXVariantGroup;
			children = (
				868735CD1831A1E700C0CCFA /* en */,
			);
			name = InfoPlist.strings;
			sourceTree = "<group>";
		};
		868735E51831A1E700C0CCFA /* InfoPlist.strings */ = {
			isa = PBXVariantGroup;
			children = (
				868735E61831A1E700C0CCFA /* en */,
			);
			name = InfoPlist.strings;
			sourceTree = "<group>";
		};
/* End PBXVariantGroup section */

/* Begin XCBuildConfiguration section */
		868735EA1831A1E700C0CCFA /* Debug */ = {
			isa = XCBuildConfiguration;
			buildSettings = {
				ALWAYS_SEARCH_USER_PATHS = NO;
				ARCHS = "$(ARCHS_STANDARD_INCLUDING_64_BIT)";
				CLANG_CXX_LANGUAGE_STANDARD = "gnu++0x";
				CLANG_CXX_LIBRARY = "libc++";
				CLANG_ENABLE_MODULES = YES;
				CLANG_ENABLE_OBJC_ARC = YES;
				CLANG_WARN_BOOL_CONVERSION = YES;
				CLANG_WARN_CONSTANT_CONVERSION = YES;
				CLANG_WARN_DIRECT_OBJC_ISA_USAGE = YES_ERROR;
				CLANG_WARN_EMPTY_BODY = YES;
				CLANG_WARN_ENUM_CONVERSION = YES;
				CLANG_WARN_INT_CONVERSION = YES;
				CLANG_WARN_OBJC_ROOT_CLASS = YES_ERROR;
				CLANG_WARN__DUPLICATE_METHOD_MATCH = YES;
				"CODE_SIGN_IDENTITY[sdk=iphoneos*]" = "iPhone Developer";
				COPY_PHASE_STRIP = NO;
				GCC_C_LANGUAGE_STANDARD = gnu99;
				GCC_DYNAMIC_NO_PIC = NO;
				GCC_OPTIMIZATION_LEVEL = 0;
				GCC_PREPROCESSOR_DEFINITIONS = (
					"DEBUG=1",
					"$(inherited)",
				);
				GCC_SYMBOLS_PRIVATE_EXTERN = NO;
				GCC_WARN_64_TO_32_BIT_CONVERSION = YES;
				GCC_WARN_ABOUT_RETURN_TYPE = YES_ERROR;
				GCC_WARN_UNDECLARED_SELECTOR = YES;
				GCC_WARN_UNINITIALIZED_AUTOS = YES;
				GCC_WARN_UNUSED_FUNCTION = YES;
				GCC_WARN_UNUSED_VARIABLE = YES;
				IPHONEOS_DEPLOYMENT_TARGET = 7.0;
				ONLY_ACTIVE_ARCH = YES;
				SDKROOT = iphoneos;
			};
			name = Debug;
		};
		868735EB1831A1E700C0CCFA /* Release */ = {
			isa = XCBuildConfiguration;
			buildSettings = {
				ALWAYS_SEARCH_USER_PATHS = NO;
				ARCHS = "$(ARCHS_STANDARD_INCLUDING_64_BIT)";
				CLANG_CXX_LANGUAGE_STANDARD = "gnu++0x";
				CLANG_CXX_LIBRARY = "libc++";
				CLANG_ENABLE_MODULES = YES;
				CLANG_ENABLE_OBJC_ARC = YES;
				CLANG_WARN_BOOL_CONVERSION = YES;
				CLANG_WARN_CONSTANT_CONVERSION = YES;
				CLANG_WARN_DIRECT_OBJC_ISA_USAGE = YES_ERROR;
				CLANG_WARN_EMPTY_BODY = YES;
				CLANG_WARN_ENUM_CONVERSION = YES;
				CLANG_WARN_INT_CONVERSION = YES;
				CLANG_WARN_OBJC_ROOT_CLASS = YES_ERROR;
				CLANG_WARN__DUPLICATE_METHOD_MATCH = YES;
				"CODE_SIGN_IDENTITY[sdk=iphoneos*]" = "iPhone Developer";
				COPY_PHASE_STRIP = YES;
				ENABLE_NS_ASSERTIONS = NO;
				GCC_C_LANGUAGE_STANDARD = gnu99;
				GCC_WARN_64_TO_32_BIT_CONVERSION = YES;
				GCC_WARN_ABOUT_RETURN_TYPE = YES_ERROR;
				GCC_WARN_UNDECLARED_SELECTOR = YES;
				GCC_WARN_UNINITIALIZED_AUTOS = YES;
				GCC_WARN_UNUSED_FUNCTION = YES;
				GCC_WARN_UNUSED_VARIABLE = YES;
				IPHONEOS_DEPLOYMENT_TARGET = 7.0;
				SDKROOT = iphoneos;
				VALIDATE_PRODUCT = YES;
			};
			name = Release;
		};
		868735ED1831A1E700C0CCFA /* Debug */ = {
			isa = XCBuildConfiguration;
			baseConfigurationReference = 60CC2EC0E0B64B4FA10B1AFE /* Pods.xcconfig */;
			buildSettings = {
				ASSETCATALOG_COMPILER_APPICON_NAME = AppIcon;
				ASSETCATALOG_COMPILER_LAUNCHIMAGE_NAME = LaunchImage;
				GCC_PRECOMPILE_PREFIX_HEADER = YES;
				GCC_PREFIX_HEADER = "SimpleWeather/SimpleWeather-Prefix.pch";
				INFOPLIST_FILE = "SimpleWeather/SimpleWeather-Info.plist";
				PRODUCT_NAME = "$(TARGET_NAME)";
				WRAPPER_EXTENSION = app;
			};
			name = Debug;
		};
		868735EE1831A1E700C0CCFA /* Release */ = {
			isa = XCBuildConfiguration;
			baseConfigurationReference = 60CC2EC0E0B64B4FA10B1AFE /* Pods.xcconfig */;
			buildSettings = {
				ASSETCATALOG_COMPILER_APPICON_NAME = AppIcon;
				ASSETCATALOG_COMPILER_LAUNCHIMAGE_NAME = LaunchImage;
				GCC_PRECOMPILE_PREFIX_HEADER = YES;
				GCC_PREFIX_HEADER = "SimpleWeather/SimpleWeather-Prefix.pch";
				INFOPLIST_FILE = "SimpleWeather/SimpleWeather-Info.plist";
				PRODUCT_NAME = "$(TARGET_NAME)";
				WRAPPER_EXTENSION = app;
			};
			name = Release;
		};
		868735F01831A1E700C0CCFA /* Debug */ = {
			isa = XCBuildConfiguration;
			buildSettings = {
				ARCHS = "$(ARCHS_STANDARD_INCLUDING_64_BIT)";
				BUNDLE_LOADER = "$(BUILT_PRODUCTS_DIR)/SimpleWeather.app/SimpleWeather";
				FRAMEWORK_SEARCH_PATHS = (
					"$(SDKROOT)/Developer/Library/Frameworks",
					"$(inherited)",
					"$(DEVELOPER_FRAMEWORKS_DIR)",
				);
				GCC_PRECOMPILE_PREFIX_HEADER = YES;
				GCC_PREFIX_HEADER = "SimpleWeather/SimpleWeather-Prefix.pch";
				GCC_PREPROCESSOR_DEFINITIONS = (
					"DEBUG=1",
					"$(inherited)",
				);
				INFOPLIST_FILE = "SimpleWeatherTests/SimpleWeatherTests-Info.plist";
				PRODUCT_NAME = "$(TARGET_NAME)";
				TEST_HOST = "$(BUNDLE_LOADER)";
				WRAPPER_EXTENSION = xctest;
			};
			name = Debug;
		};
		868735F11831A1E700C0CCFA /* Release */ = {
			isa = XCBuildConfiguration;
			buildSettings = {
				ARCHS = "$(ARCHS_STANDARD_INCLUDING_64_BIT)";
				BUNDLE_LOADER = "$(BUILT_PRODUCTS_DIR)/SimpleWeather.app/SimpleWeather";
				FRAMEWORK_SEARCH_PATHS = (
					"$(SDKROOT)/Developer/Library/Frameworks",
					"$(inherited)",
					"$(DEVELOPER_FRAMEWORKS_DIR)",
				);
				GCC_PRECOMPILE_PREFIX_HEADER = YES;
				GCC_PREFIX_HEADER = "SimpleWeather/SimpleWeather-Prefix.pch";
				INFOPLIST_FILE = "SimpleWeatherTests/SimpleWeatherTests-Info.plist";
				PRODUCT_NAME = "$(TARGET_NAME)";
				TEST_HOST = "$(BUNDLE_LOADER)";
				WRAPPER_EXTENSION = xctest;
			};
			name = Release;
		};
/* End XCBuildConfiguration section */

/* Begin XCConfigurationList section */
		868735BB1831A1E700C0CCFA /* Build configuration list for PBXProject "SimpleWeather" */ = {
			isa = XCConfigurationList;
			buildConfigurations = (
				868735EA1831A1E700C0CCFA /* Debug */,
				868735EB1831A1E700C0CCFA /* Release */,
			);
			defaultConfigurationIsVisible = 0;
			defaultConfigurationName = Release;
		};
		868735EC1831A1E700C0CCFA /* Build configuration list for PBXNativeTarget "SimpleWeather" */ = {
			isa = XCConfigurationList;
			buildConfigurations = (
				868735ED1831A1E700C0CCFA /* Debug */,
				868735EE1831A1E700C0CCFA /* Release */,
			);
			defaultConfigurationIsVisible = 0;
			defaultConfigurationName = Release;
		};
		868735EF1831A1E700C0CCFA /* Build configuration list for PBXNativeTarget "SimpleWeatherTests" */ = {
			isa = XCConfigurationList;
			buildConfigurations = (
				868735F01831A1E700C0CCFA /* Debug */,
				868735F11831A1E700C0CCFA /* Release */,
			);
			defaultConfigurationIsVisible = 0;
			defaultConfigurationName = Release;
		};
/* End XCConfigurationList section */
	};
	rootObject = 868735B81831A1E700C0CCFA /* Project object */;
}
